{
  "name": "redux-example",
  "lockfileVersion": 2,
  "requires": true,
  "packages": {
    "": {
      "dependencies": {
        "react-rooter": "^0.1.2"
      }
    },
    "node_modules/react-rooter": {
      "version": "0.1.2",
      "resolved": "https://registry.npmmirror.com/react-rooter/-/react-rooter-0.1.2.tgz",
      "integrity": "sha512-s84j2TYHNL5ugkRTi4LSK/6Pfszw0sgDp6rLA5yuR4JwiHZ3RqoZnoG9MzMOzjFjSCy2UEF+HM1+sR28mnJCtg=="
    }
  },
  "dependencies": {
    "react-rooter": {
      "version": "0.1.2",
      "resolved": "https://registry.npmmirror.com/react-rooter/-/react-rooter-0.1.2.tgz",
      "integrity": "sha512-s84j2TYHNL5ugkRTi4LSK/6Pfszw0sgDp6rLA5yuR4JwiHZ3RqoZnoG9MzMOzjFjSCy2UEF+HM1+sR28mnJCtg=="
    }
  }
}
